
Microsoft Visual Studio Solution File, Format Version 12.00
# Visual Studio Version 17
VisualStudioVersion = 17.14.36310.24 d17.14
MinimumVisualStudioVersion = 10.0.40219.1
Project("{FAE04EC0-301F-11D3-BF4B-00C04F79EFBC}") = "CadastroAluno", "CadsatroALuno\CadastroAluno.csproj", "{E12B1B9F-01A7-490E-98D0-221405DCA1B3}"
EndProject
Global
	GlobalSection(SolutionConfigurationPlatforms) = preSolution
		Debug|Any CPU = Debug|Any CPU
		Release|Any CPU = Release|Any CPU
	EndGlobalSection
	GlobalSection(ProjectConfigurationPlatforms) = postSolution
		{E12B1B9F-01A7-490E-98D0-221405DCA1B3}.Debug|Any CPU.ActiveCfg = Debug|Any CPU
		{E12B1B9F-01A7-490E-98D0-221405DCA1B3}.Debug|Any CPU.Build.0 = Debug|Any CPU
		{E12B1B9F-01A7-490E-98D0-221405DCA1B3}.Release|Any CPU.ActiveCfg = Release|Any CPU
		{E12B1B9F-01A7-490E-98D0-221405DCA1B3}.Release|Any CPU.Build.0 = Release|Any CPU
	EndGlobalSection
	GlobalSection(SolutionProperties) = preSolution
		HideSolutionNode = FALSE
	EndGlobalSection
	GlobalSection(ExtensibilityGlobals) = postSolution
		SolutionGuid = {05B58E01-CDCB-4F73-8BA4-EB76D1B4C622}
	EndGlobalSection
EndGlobal
